// !$*UTF8*$!
{
	archiveVersion = 1;
	classes = {
	};
	objectVersion = 46;
	objects = {

/* Begin PBXBuildFile section */
		70AFD92418E5268C00C52353 /* main.c in Sources */ = {isa = PBXBuildFile; fileRef = 70AFD92318E5268C00C52353 /* main.c */; };
		70AFD92618E5268C00C52353 /* doomsdaypt2_c.1 in CopyFiles */ = {isa = PBXBuildFile; fileRef = 70AFD92518E5268C00C52353 /* doomsdaypt2_c.1 */; };
/* End PBXBuildFile section */

/* Begin PBXCopyFilesBuildPhase section */
		70AFD91E18E5268C00C52353 /* CopyFiles */ = {
			isa = PBXCopyFilesBuildPhase;
			buildActionMask = 2147483647;
			dstPath = /usr/share/man/man1/;
			dstSubfolderSpec = 0;
			files = (
				70AFD92618E5268C00C52353 /* doomsdaypt2_c.1 in CopyFiles */,
			);
			runOnlyForDeploymentPostprocessing = 1;
		};
/* End PBXCopyFilesBuildPhase section */

/* Begin PBXFileReference section */
		70AFD92018E5268C00C52353 /* doomsdaypt2.c */ = {isa = PBXFileReference; explicitFileType = "compiled.mach-o.executable"; includeInIndex = 0; path = doomsdaypt2.c; sourceTree = BUILT_PRODUCTS_DIR; };
		70AFD92318E5268C00C52353 /* main.c */ = {isa = PBXFileReference; lastKnownFileType = sourcecode.c.c; path = main.c; sourceTree = "<group>"; };
		70AFD92518E5268C00C52353 /* doomsdaypt2_c.1 */ = {isa = PBXFileReference; lastKnownFileType = text.man; path = doomsdaypt2_c.1; sourceTree = "<group>"; };
/* End PBXFileReference section */

/* Begin PBXFrameworksBuildPhase section */
		70AFD91D18E5268C00C52353 /* Frameworks */ = {
			isa = PBXFrameworksBuildPhase;
			buildActionMask = 2147483647;
			files = (
			);
			runOnlyForDeploymentPostprocessing = 0;
		};
/* End PBXFrameworksBuildPhase section */

/* Begin PBXGroup section */
		70AFD91718E5268C00C52353 = {
			isa = PBXGroup;
			children = (
				70AFD92218E5268C00C52353 /* doomsdaypt2.c */,
				70AFD92118E5268C00C52353 /* Products */,
			);
			sourceTree = "<group>";
		};
		70AFD92118E5268C00C52353 /* Products */ = {
			isa = PBXGroup;
			children = (
				70AFD92018E5268C00C52353 /* doomsdaypt2.c */,
			);
			name = Products;
			sourceTree = "<group>";
		};
		70AFD92218E5268C00C52353 /* doomsdaypt2.c */ = {
			isa = PBXGroup;
			children = (
				70AFD92318E5268C00C52353 /* main.c */,
				70AFD92518E5268C00C52353 /* doomsdaypt2_c.1 */,
			);
			path = doomsdaypt2.c;
			sourceTree = "<group>";
		};
/* End PBXGroup section */

/* Begin PBXNativeTarget section */
		70AFD91F18E5268C00C52353 /* doomsdaypt2.c */ = {
			isa = PBXNativeTarget;
			buildConfigurationList = 70AFD92918E5268C00C52353 /* Build configuration list for PBXNativeTarget "doomsdaypt2.c" */;
			buildPhases = (
				70AFD91C18E5268C00C52353 /* Sources */,
				70AFD91D18E5268C00C52353 /* Frameworks */,
				70AFD91E18E5268C00C52353 /* CopyFiles */,
			);
			buildRules = (
			);
			dependencies = (
			);
			name = doomsdaypt2.c;
			productName = doomsdaypt2.c;
			productReference = 70AFD92018E5268C00C52353 /* doomsdaypt2.c */;
			productType = "com.apple.product-type.tool";
		};
/* End PBXNativeTarget section */

/* Begin PBXProject section */
		70AFD91818E5268C00C52353 /* Project object */ = {
			isa = PBXProject;
			attributes = {
				LastUpgradeCheck = 0510;
				ORGANIZATIONNAME = "Jacinto Guevarra Churches";
			};
			buildConfigurationList = 70AFD91B18E5268C00C52353 /* Build configuration list for PBXProject "doomsdaypt2.c" */;
			compatibilityVersion = "Xcode 3.2";
			developmentRegion = English;
			hasScannedForEncodings = 0;
			knownRegions = (
				en,
			);
			mainGroup = 70AFD91718E5268C00C52353;
			productRefGroup = 70AFD92118E5268C00C52353 /* Products */;
			projectDirPath = "";
			projectRoot = "";
			targets = (
				70AFD91F18E5268C00C52353 /* doomsdaypt2.c */,
			);
		};
/* End PBXProject section */

/* Begin PBXSourcesBuildPhase section */
		70AFD91C18E5268C00C52353 /* Sources */ = {
			isa = PBXSourcesBuildPhase;
			buildActionMask = 2147483647;
			files = (
				70AFD92418E5268C00C52353 /* main.c in Sources */,
			);
			runOnlyForDeploymentPostprocessing = 0;
		};
/* End PBXSourcesBuildPhase section */

/* Begin XCBuildConfiguration section */
		70AFD92718E5268C00C52353 /* Debug */ = {
			isa = XCBuildConfiguration;
			buildSettings = {
				ALWAYS_SEARCH_USER_PATHS = NO;
				CLANG_CXX_LANGUAGE_STANDARD = "gnu++0x";
				CLANG_CXX_LIBRARY = "libc++";
				CLANG_ENABLE_MODULES = YES;
				CLANG_ENABLE_OBJC_ARC = YES;
				CLANG_WARN_BOOL_CONVERSION = YES;
				CLANG_WARN_CONSTANT_CONVERSION = YES;
				CLANG_WARN_DIRECT_OBJC_ISA_USAGE = YES_ERROR;
				CLANG_WARN_EMPTY_BODY = YES;
				CLANG_WARN_ENUM_CONVERSION = YES;
				CLANG_WARN_INT_CONVERSION = YES;
				CLANG_WARN_OBJC_ROOT_CLASS = YES_ERROR;
				CLANG_WARN__DUPLICATE_METHOD_MATCH = YES;
				COPY_PHASE_STRIP = NO;
				GCC_C_LANGUAGE_STANDARD = gnu99;
				GCC_DYNAMIC_NO_PIC = NO;
				GCC_ENABLE_OBJC_EXCEPTIONS = YES;
				GCC_OPTIMIZATION_LEVEL = 0;
				GCC_PREPROCESSOR_DEFINITIONS = (
					"DEBUG=1",
					"$(inherited)",
				);
				GCC_SYMBOLS_PRIVATE_EXTERN = NO;
				GCC_WARN_64_TO_32_BIT_CONVERSION = YES;
				GCC_WARN_ABOUT_RETURN_TYPE = YES_ERROR;
				GCC_WARN_UNDECLARED_SELECTOR = YES;
				GCC_WARN_UNINITIALIZED_AUTOS = YES_AGGRESSIVE;
				GCC_WARN_UNUSED_FUNCTION = YES;
				GCC_WARN_UNUSED_VARIABLE = YES;
				MACOSX_DEPLOYMENT_TARGET = 10.9;
				ONLY_ACTIVE_ARCH = YES;
				SDKROOT = macosx;
			};
			name = Debug;
		};
		70AFD92818E5268C00C52353 /* Release */ = {
			isa = XCBuildConfiguration;
			buildSettings = {
				ALWAYS_SEARCH_USER_PATHS = NO;
				CLANG_CXX_LANGUAGE_STANDARD = "gnu++0x";
				CLANG_CXX_LIBRARY = "libc++";
				CLANG_ENABLE_MODULES = YES;
				CLANG_ENABLE_OBJC_ARC = YES;
				CLANG_WARN_BOOL_CONVERSION = YES;
				CLANG_WARN_CONSTANT_CONVERSION = YES;
				CLANG_WARN_DIRECT_OBJC_ISA_USAGE = YES_ERROR;
				CLANG_WARN_EMPTY_BODY = YES;
				CLANG_WARN_ENUM_CONVERSION = YES;
				CLANG_WARN_INT_CONVERSION = YES;
				CLANG_WARN_OBJC_ROOT_CLASS = YES_ERROR;
				CLANG_WARN__DUPLICATE_METHOD_MATCH = YES;
				COPY_PHASE_STRIP = YES;
				DEBUG_INFORMATION_FORMAT = "dwarf-with-dsym";
				ENABLE_NS_ASSERTIONS = NO;
				GCC_C_LANGUAGE_STANDARD = gnu99;
				GCC_ENABLE_OBJC_EXCEPTIONS = YES;
				GCC_WARN_64_TO_32_BIT_CONVERSION = YES;
				GCC_WARN_ABOUT_RETURN_TYPE = YES_ERROR;
				GCC_WARN_UNDECLARED_SELECTOR = YES;
				GCC_WARN_UNINITIALIZED_AUTOS = YES_AGGRESSIVE;
				GCC_WARN_UNUSED_FUNCTION = YES;
				GCC_WARN_UNUSED_VARIABLE = YES;
				MACOSX_DEPLOYMENT_TARGET = 10.9;
				SDKROOT = macosx;
			};
			name = Release;
		};
		70AFD92A18E5268C00C52353 /* Debug */ = {
			isa = XCBuildConfiguration;
			buildSettings = {
				PRODUCT_NAME = "$(TARGET_NAME)";
			};
			name = Debug;
		};
		70AFD92B18E5268C00C52353 /* Release */ = {
			isa = XCBuildConfiguration;
			buildSettings = {
				PRODUCT_NAME = "$(TARGET_NAME)";
			};
			name = Release;
		};
/* End XCBuildConfiguration section */

/* Begin XCConfigurationList section */
		70AFD91B18E5268C00C52353 /* Build configuration list for PBXProject "doomsdaypt2.c" */ = {
			isa = XCConfigurationList;
			buildConfigurations = (
				70AFD92718E5268C00C52353 /* Debug */,
				70AFD92818E5268C00C52353 /* Release */,
			);
			defaultConfigurationIsVisible = 0;
			defaultConfigurationName = Release;
		};
		70AFD92918E5268C00C52353 /* Build configuration list for PBXNativeTarget "doomsdaypt2.c" */ = {
			isa = XCConfigurationList;
			buildConfigurations = (
				70AFD92A18E5268C00C52353 /* Debug */,
				70AFD92B18E5268C00C52353 /* Release */,
			);
			defaultConfigurationIsVisible = 0;
		};
/* End XCConfigurationList section */
	};
	rootObject = 70AFD91818E5268C00C52353 /* Project object */;
}
